
Microsoft Visual Studio Solution File, Format Version 12.00
# Visual Studio Version 16
VisualStudioVersion = 16.0.30002.166
MinimumVisualStudioVersion = 15.0.26124.0
Project("{2150E333-8FDC-42A3-9474-1A3956D46DE8}") = "src", "src", "{FE462626-CCFB-4353-99F3-193A45E9D8F0}"
EndProject
Project("{2150E333-8FDC-42A3-9474-1A3956D46DE8}") = "tests", "tests", "{70362A87-5D18-479E-BD85-EB4C0B2446A8}"
EndProject
Project("{FAE04EC0-301F-11D3-BF4B-00C04F79EFBC}") = "CNBot.Core", "CNBot.Core\CNBot.Core.csproj", "{2E9A212F-BA88-4F7F-BB7A-6485E5C2369B}"
EndProject
Project("{FAE04EC0-301F-11D3-BF4B-00C04F79EFBC}") = "CNBot.Infrastructure", "CNBot.Infrastructure\CNBot.Infrastructure.csproj", "{4B238F42-3115-4200-B4C4-62BD785F0B3E}"
EndProject
Project("{FAE04EC0-301F-11D3-BF4B-00C04F79EFBC}") = "CNBot.API", "CNBot.API\CNBot.API.csproj", "{8B69E659-E5E2-4E91-BEB2-37E57A2EC568}"
EndProject
Project("{2150E333-8FDC-42A3-9474-1A3956D46DE8}") = "Solution Items", "Solution Items", "{D31178ED-23D7-4E5E-8A85-CAAE573BCC5A}"
	ProjectSection(SolutionItems) = preProject
		.env = .env
	EndProjectSection
EndProject
Global
	GlobalSection(SolutionConfigurationPlatforms) = preSolution
		Debug|Any CPU = Debug|Any CPU
		Debug|x64 = Debug|x64
		Debug|x86 = Debug|x86
		Release|Any CPU = Release|Any CPU
		Release|x64 = Release|x64
		Release|x86 = Release|x86
	EndGlobalSection
	GlobalSection(ProjectConfigurationPlatforms) = postSolution
		{2E9A212F-BA88-4F7F-BB7A-6485E5C2369B}.Debug|Any CPU.ActiveCfg = Debug|Any CPU
		{2E9A212F-BA88-4F7F-BB7A-6485E5C2369B}.Debug|Any CPU.Build.0 = Debug|Any CPU
		{2E9A212F-BA88-4F7F-BB7A-6485E5C2369B}.Debug|x64.ActiveCfg = Debug|Any CPU
		{2E9A212F-BA88-4F7F-BB7A-6485E5C2369B}.Debug|x64.Build.0 = Debug|Any CPU
		{2E9A212F-BA88-4F7F-BB7A-6485E5C2369B}.Debug|x86.ActiveCfg = Debug|Any CPU
		{2E9A212F-BA88-4F7F-BB7A-6485E5C2369B}.Debug|x86.Build.0 = Debug|Any CPU
		{2E9A212F-BA88-4F7F-BB7A-6485E5C2369B}.Release|Any CPU.ActiveCfg = Release|Any CPU
		{2E9A212F-BA88-4F7F-BB7A-6485E5C2369B}.Release|Any CPU.Build.0 = Release|Any CPU
		{2E9A212F-BA88-4F7F-BB7A-6485E5C2369B}.Release|x64.ActiveCfg = Release|Any CPU
		{2E9A212F-BA88-4F7F-BB7A-6485E5C2369B}.Release|x64.Build.0 = Release|Any CPU
		{2E9A212F-BA88-4F7F-BB7A-6485E5C2369B}.Release|x86.ActiveCfg = Release|Any CPU
		{2E9A212F-BA88-4F7F-BB7A-6485E5C2369B}.Release|x86.Build.0 = Release|Any CPU
		{4B238F42-3115-4200-B4C4-62BD785F0B3E}.Debug|Any CPU.ActiveCfg = Debug|Any CPU
		{4B238F42-3115-4200-B4C4-62BD785F0B3E}.Debug|Any CPU.Build.0 = Debug|Any CPU
		{4B238F42-3115-4200-B4C4-62BD785F0B3E}.Debug|x64.ActiveCfg = Debug|Any CPU
		{4B238F42-3115-4200-B4C4-62BD785F0B3E}.Debug|x64.Build.0 = Debug|Any CPU
		{4B238F42-3115-4200-B4C4-62BD785F0B3E}.Debug|x86.ActiveCfg = Debug|Any CPU
		{4B238F42-3115-4200-B4C4-62BD785F0B3E}.Debug|x86.Build.0 = Debug|Any CPU
		{4B238F42-3115-4200-B4C4-62BD785F0B3E}.Release|Any CPU.ActiveCfg = Release|Any CPU
		{4B238F42-3115-4200-B4C4-62BD785F0B3E}.Release|Any CPU.Build.0 = Release|Any CPU
		{4B238F42-3115-4200-B4C4-62BD785F0B3E}.Release|x64.ActiveCfg = Release|Any CPU
		{4B238F42-3115-4200-B4C4-62BD785F0B3E}.Release|x64.Build.0 = Release|Any CPU
		{4B238F42-3115-4200-B4C4-62BD785F0B3E}.Release|x86.ActiveCfg = Release|Any CPU
		{4B238F42-3115-4200-B4C4-62BD785F0B3E}.Release|x86.Build.0 = Release|Any CPU
		{8B69E659-E5E2-4E91-BEB2-37E57A2EC568}.Debug|Any CPU.ActiveCfg = Debug|Any CPU
		{8B69E659-E5E2-4E91-BEB2-37E57A2EC568}.Debug|Any CPU.Build.0 = Debug|Any CPU
		{8B69E659-E5E2-4E91-BEB2-37E57A2EC568}.Debug|x64.ActiveCfg = Debug|Any CPU
		{8B69E659-E5E2-4E91-BEB2-37E57A2EC568}.Debug|x64.Build.0 = Debug|Any CPU
		{8B69E659-E5E2-4E91-BEB2-37E57A2EC568}.Debug|x86.ActiveCfg = Debug|Any CPU
		{8B69E659-E5E2-4E91-BEB2-37E57A2EC568}.Debug|x86.Build.0 = Debug|Any CPU
		{8B69E659-E5E2-4E91-BEB2-37E57A2EC568}.Release|Any CPU.ActiveCfg = Release|Any CPU
		{8B69E659-E5E2-4E91-BEB2-37E57A2EC568}.Release|Any CPU.Build.0 = Release|Any CPU
		{8B69E659-E5E2-4E91-BEB2-37E57A2EC568}.Release|x64.ActiveCfg = Release|Any CPU
		{8B69E659-E5E2-4E91-BEB2-37E57A2EC568}.Release|x64.Build.0 = Release|Any CPU
		{8B69E659-E5E2-4E91-BEB2-37E57A2EC568}.Release|x86.ActiveCfg = Release|Any CPU
		{8B69E659-E5E2-4E91-BEB2-37E57A2EC568}.Release|x86.Build.0 = Release|Any CPU
	EndGlobalSection
	GlobalSection(SolutionProperties) = preSolution
		HideSolutionNode = FALSE
	EndGlobalSection
	GlobalSection(NestedProjects) = preSolution
		{2E9A212F-BA88-4F7F-BB7A-6485E5C2369B} = {FE462626-CCFB-4353-99F3-193A45E9D8F0}
		{4B238F42-3115-4200-B4C4-62BD785F0B3E} = {FE462626-CCFB-4353-99F3-193A45E9D8F0}
		{8B69E659-E5E2-4E91-BEB2-37E57A2EC568} = {FE462626-CCFB-4353-99F3-193A45E9D8F0}
	EndGlobalSection
	GlobalSection(ExtensibilityGlobals) = postSolution
		SolutionGuid = {07904657-A4A7-419A-A547-ABA3B6A5D0D7}
	EndGlobalSection
EndGlobal
