
Microsoft Visual Studio Solution File, Format Version 12.00
# Visual Studio Version 16
VisualStudioVersion = 16.0.30002.166
MinimumVisualStudioVersion = 15.0.26124.0
Project("{2150E333-8FDC-42A3-9474-1A3956D46DE8}") = "src", "src", "{FE462626-CCFB-4353-99F3-193A45E9D8F0}"
EndProject
Project("{2150E333-8FDC-42A3-9474-1A3956D46DE8}") = "tests", "tests", "{70362A87-5D18-479E-BD85-EB4C0B2446A8}"
EndProject
Project("{2150E333-8FDC-42A3-9474-1A3956D46DE8}") = "Services", "Services", "{DEE6D70A-9495-4757-BAC7-78C8F6771920}"
EndProject
Project("{2150E333-8FDC-42A3-9474-1A3956D46DE8}") = "BuildingBlocks", "BuildingBlocks", "{08E2FA07-0E98-457E-BED4-EB3E76BDA787}"
EndProject
Project("{FAE04EC0-301F-11D3-BF4B-00C04F79EFBC}") = "CNBot.EntityFrameworkCore", "BuildingBlocks\Database\CNBot.EntityFrameworkCore\CNBot.EntityFrameworkCore.csproj", "{8FC8FD0B-280A-4B83-9EAE-7647FE4644EB}"
EndProject
Project("{FAE04EC0-301F-11D3-BF4B-00C04F79EFBC}") = "CNBot.EntityFrameworkCore.MySql", "BuildingBlocks\Database\CNBot.EntityFrameworkCore.MySql\CNBot.EntityFrameworkCore.MySql.csproj", "{AFCF78C8-B7B3-4FD0-AA7D-87F8ABD8C369}"
EndProject
Project("{2150E333-8FDC-42A3-9474-1A3956D46DE8}") = "Database", "Database", "{27708F20-1681-4329-84C0-9A38D0E2A016}"
EndProject
Project("{2150E333-8FDC-42A3-9474-1A3956D46DE8}") = "DistributedCache", "DistributedCache", "{510D0EAF-784D-4098-9EC9-0BF0FC6C75F2}"
EndProject
Project("{FAE04EC0-301F-11D3-BF4B-00C04F79EFBC}") = "CNBot.DistributedCache", "BuildingBlocks\DistributedCache\CNBot.DistributedCache\CNBot.DistributedCache.csproj", "{D22CD49D-C37B-446D-8BA1-3B33F36B6F84}"
EndProject
Project("{FAE04EC0-301F-11D3-BF4B-00C04F79EFBC}") = "CNBot.DistributedCache.Redis", "BuildingBlocks\DistributedCache\CNBot.DistributedCache.Redis\CNBot.DistributedCache.Redis.csproj", "{586F576D-2B57-4F16-8185-4323C1BDBD3E}"
EndProject
Project("{2150E333-8FDC-42A3-9474-1A3956D46DE8}") = "EventBus", "EventBus", "{00EE2213-6180-432A-8CF1-77CB9684D698}"
EndProject
Project("{FAE04EC0-301F-11D3-BF4B-00C04F79EFBC}") = "CNBot.EventBus", "BuildingBlocks\EventBus\CNBot.EventBus\CNBot.EventBus.csproj", "{04E7652C-44C1-4B91-B787-8976228F85BD}"
EndProject
Project("{FAE04EC0-301F-11D3-BF4B-00C04F79EFBC}") = "CNBot.EventBus.RabbitMQ", "BuildingBlocks\EventBus\CNBot.EventBus.RabbitMQ\CNBot.EventBus.RabbitMQ.csproj", "{E313EF01-E40F-47A4-9FCC-FF3365BECE34}"
EndProject
Project("{2150E333-8FDC-42A3-9474-1A3956D46DE8}") = "Mvc", "Mvc", "{5A31EB53-3056-4AAE-B2C4-69F51BE88E45}"
EndProject
Project("{FAE04EC0-301F-11D3-BF4B-00C04F79EFBC}") = "CNBot.Mvc", "BuildingBlocks\Mvc\CNBot.Mvc\CNBot.Mvc.csproj", "{5AE5BCA3-C631-48E0-B7D2-6C6FA78EBD3F}"
EndProject
Global
	GlobalSection(SolutionConfigurationPlatforms) = preSolution
		Debug|Any CPU = Debug|Any CPU
		Debug|x64 = Debug|x64
		Debug|x86 = Debug|x86
		Release|Any CPU = Release|Any CPU
		Release|x64 = Release|x64
		Release|x86 = Release|x86
	EndGlobalSection
	GlobalSection(ProjectConfigurationPlatforms) = postSolution
		{8FC8FD0B-280A-4B83-9EAE-7647FE4644EB}.Debug|Any CPU.ActiveCfg = Debug|Any CPU
		{8FC8FD0B-280A-4B83-9EAE-7647FE4644EB}.Debug|Any CPU.Build.0 = Debug|Any CPU
		{8FC8FD0B-280A-4B83-9EAE-7647FE4644EB}.Debug|x64.ActiveCfg = Debug|Any CPU
		{8FC8FD0B-280A-4B83-9EAE-7647FE4644EB}.Debug|x64.Build.0 = Debug|Any CPU
		{8FC8FD0B-280A-4B83-9EAE-7647FE4644EB}.Debug|x86.ActiveCfg = Debug|Any CPU
		{8FC8FD0B-280A-4B83-9EAE-7647FE4644EB}.Debug|x86.Build.0 = Debug|Any CPU
		{8FC8FD0B-280A-4B83-9EAE-7647FE4644EB}.Release|Any CPU.ActiveCfg = Release|Any CPU
		{8FC8FD0B-280A-4B83-9EAE-7647FE4644EB}.Release|Any CPU.Build.0 = Release|Any CPU
		{8FC8FD0B-280A-4B83-9EAE-7647FE4644EB}.Release|x64.ActiveCfg = Release|Any CPU
		{8FC8FD0B-280A-4B83-9EAE-7647FE4644EB}.Release|x64.Build.0 = Release|Any CPU
		{8FC8FD0B-280A-4B83-9EAE-7647FE4644EB}.Release|x86.ActiveCfg = Release|Any CPU
		{8FC8FD0B-280A-4B83-9EAE-7647FE4644EB}.Release|x86.Build.0 = Release|Any CPU
		{AFCF78C8-B7B3-4FD0-AA7D-87F8ABD8C369}.Debug|Any CPU.ActiveCfg = Debug|Any CPU
		{AFCF78C8-B7B3-4FD0-AA7D-87F8ABD8C369}.Debug|Any CPU.Build.0 = Debug|Any CPU
		{AFCF78C8-B7B3-4FD0-AA7D-87F8ABD8C369}.Debug|x64.ActiveCfg = Debug|Any CPU
		{AFCF78C8-B7B3-4FD0-AA7D-87F8ABD8C369}.Debug|x64.Build.0 = Debug|Any CPU
		{AFCF78C8-B7B3-4FD0-AA7D-87F8ABD8C369}.Debug|x86.ActiveCfg = Debug|Any CPU
		{AFCF78C8-B7B3-4FD0-AA7D-87F8ABD8C369}.Debug|x86.Build.0 = Debug|Any CPU
		{AFCF78C8-B7B3-4FD0-AA7D-87F8ABD8C369}.Release|Any CPU.ActiveCfg = Release|Any CPU
		{AFCF78C8-B7B3-4FD0-AA7D-87F8ABD8C369}.Release|Any CPU.Build.0 = Release|Any CPU
		{AFCF78C8-B7B3-4FD0-AA7D-87F8ABD8C369}.Release|x64.ActiveCfg = Release|Any CPU
		{AFCF78C8-B7B3-4FD0-AA7D-87F8ABD8C369}.Release|x64.Build.0 = Release|Any CPU
		{AFCF78C8-B7B3-4FD0-AA7D-87F8ABD8C369}.Release|x86.ActiveCfg = Release|Any CPU
		{AFCF78C8-B7B3-4FD0-AA7D-87F8ABD8C369}.Release|x86.Build.0 = Release|Any CPU
		{D22CD49D-C37B-446D-8BA1-3B33F36B6F84}.Debug|Any CPU.ActiveCfg = Debug|Any CPU
		{D22CD49D-C37B-446D-8BA1-3B33F36B6F84}.Debug|Any CPU.Build.0 = Debug|Any CPU
		{D22CD49D-C37B-446D-8BA1-3B33F36B6F84}.Debug|x64.ActiveCfg = Debug|Any CPU
		{D22CD49D-C37B-446D-8BA1-3B33F36B6F84}.Debug|x64.Build.0 = Debug|Any CPU
		{D22CD49D-C37B-446D-8BA1-3B33F36B6F84}.Debug|x86.ActiveCfg = Debug|Any CPU
		{D22CD49D-C37B-446D-8BA1-3B33F36B6F84}.Debug|x86.Build.0 = Debug|Any CPU
		{D22CD49D-C37B-446D-8BA1-3B33F36B6F84}.Release|Any CPU.ActiveCfg = Release|Any CPU
		{D22CD49D-C37B-446D-8BA1-3B33F36B6F84}.Release|Any CPU.Build.0 = Release|Any CPU
		{D22CD49D-C37B-446D-8BA1-3B33F36B6F84}.Release|x64.ActiveCfg = Release|Any CPU
		{D22CD49D-C37B-446D-8BA1-3B33F36B6F84}.Release|x64.Build.0 = Release|Any CPU
		{D22CD49D-C37B-446D-8BA1-3B33F36B6F84}.Release|x86.ActiveCfg = Release|Any CPU
		{D22CD49D-C37B-446D-8BA1-3B33F36B6F84}.Release|x86.Build.0 = Release|Any CPU
		{586F576D-2B57-4F16-8185-4323C1BDBD3E}.Debug|Any CPU.ActiveCfg = Debug|Any CPU
		{586F576D-2B57-4F16-8185-4323C1BDBD3E}.Debug|Any CPU.Build.0 = Debug|Any CPU
		{586F576D-2B57-4F16-8185-4323C1BDBD3E}.Debug|x64.ActiveCfg = Debug|Any CPU
		{586F576D-2B57-4F16-8185-4323C1BDBD3E}.Debug|x64.Build.0 = Debug|Any CPU
		{586F576D-2B57-4F16-8185-4323C1BDBD3E}.Debug|x86.ActiveCfg = Debug|Any CPU
		{586F576D-2B57-4F16-8185-4323C1BDBD3E}.Debug|x86.Build.0 = Debug|Any CPU
		{586F576D-2B57-4F16-8185-4323C1BDBD3E}.Release|Any CPU.ActiveCfg = Release|Any CPU
		{586F576D-2B57-4F16-8185-4323C1BDBD3E}.Release|Any CPU.Build.0 = Release|Any CPU
		{586F576D-2B57-4F16-8185-4323C1BDBD3E}.Release|x64.ActiveCfg = Release|Any CPU
		{586F576D-2B57-4F16-8185-4323C1BDBD3E}.Release|x64.Build.0 = Release|Any CPU
		{586F576D-2B57-4F16-8185-4323C1BDBD3E}.Release|x86.ActiveCfg = Release|Any CPU
		{586F576D-2B57-4F16-8185-4323C1BDBD3E}.Release|x86.Build.0 = Release|Any CPU
		{04E7652C-44C1-4B91-B787-8976228F85BD}.Debug|Any CPU.ActiveCfg = Debug|Any CPU
		{04E7652C-44C1-4B91-B787-8976228F85BD}.Debug|Any CPU.Build.0 = Debug|Any CPU
		{04E7652C-44C1-4B91-B787-8976228F85BD}.Debug|x64.ActiveCfg = Debug|Any CPU
		{04E7652C-44C1-4B91-B787-8976228F85BD}.Debug|x64.Build.0 = Debug|Any CPU
		{04E7652C-44C1-4B91-B787-8976228F85BD}.Debug|x86.ActiveCfg = Debug|Any CPU
		{04E7652C-44C1-4B91-B787-8976228F85BD}.Debug|x86.Build.0 = Debug|Any CPU
		{04E7652C-44C1-4B91-B787-8976228F85BD}.Release|Any CPU.ActiveCfg = Release|Any CPU
		{04E7652C-44C1-4B91-B787-8976228F85BD}.Release|Any CPU.Build.0 = Release|Any CPU
		{04E7652C-44C1-4B91-B787-8976228F85BD}.Release|x64.ActiveCfg = Release|Any CPU
		{04E7652C-44C1-4B91-B787-8976228F85BD}.Release|x64.Build.0 = Release|Any CPU
		{04E7652C-44C1-4B91-B787-8976228F85BD}.Release|x86.ActiveCfg = Release|Any CPU
		{04E7652C-44C1-4B91-B787-8976228F85BD}.Release|x86.Build.0 = Release|Any CPU
		{E313EF01-E40F-47A4-9FCC-FF3365BECE34}.Debug|Any CPU.ActiveCfg = Debug|Any CPU
		{E313EF01-E40F-47A4-9FCC-FF3365BECE34}.Debug|Any CPU.Build.0 = Debug|Any CPU
		{E313EF01-E40F-47A4-9FCC-FF3365BECE34}.Debug|x64.ActiveCfg = Debug|Any CPU
		{E313EF01-E40F-47A4-9FCC-FF3365BECE34}.Debug|x64.Build.0 = Debug|Any CPU
		{E313EF01-E40F-47A4-9FCC-FF3365BECE34}.Debug|x86.ActiveCfg = Debug|Any CPU
		{E313EF01-E40F-47A4-9FCC-FF3365BECE34}.Debug|x86.Build.0 = Debug|Any CPU
		{E313EF01-E40F-47A4-9FCC-FF3365BECE34}.Release|Any CPU.ActiveCfg = Release|Any CPU
		{E313EF01-E40F-47A4-9FCC-FF3365BECE34}.Release|Any CPU.Build.0 = Release|Any CPU
		{E313EF01-E40F-47A4-9FCC-FF3365BECE34}.Release|x64.ActiveCfg = Release|Any CPU
		{E313EF01-E40F-47A4-9FCC-FF3365BECE34}.Release|x64.Build.0 = Release|Any CPU
		{E313EF01-E40F-47A4-9FCC-FF3365BECE34}.Release|x86.ActiveCfg = Release|Any CPU
		{E313EF01-E40F-47A4-9FCC-FF3365BECE34}.Release|x86.Build.0 = Release|Any CPU
		{5AE5BCA3-C631-48E0-B7D2-6C6FA78EBD3F}.Debug|Any CPU.ActiveCfg = Debug|Any CPU
		{5AE5BCA3-C631-48E0-B7D2-6C6FA78EBD3F}.Debug|Any CPU.Build.0 = Debug|Any CPU
		{5AE5BCA3-C631-48E0-B7D2-6C6FA78EBD3F}.Debug|x64.ActiveCfg = Debug|Any CPU
		{5AE5BCA3-C631-48E0-B7D2-6C6FA78EBD3F}.Debug|x64.Build.0 = Debug|Any CPU
		{5AE5BCA3-C631-48E0-B7D2-6C6FA78EBD3F}.Debug|x86.ActiveCfg = Debug|Any CPU
		{5AE5BCA3-C631-48E0-B7D2-6C6FA78EBD3F}.Debug|x86.Build.0 = Debug|Any CPU
		{5AE5BCA3-C631-48E0-B7D2-6C6FA78EBD3F}.Release|Any CPU.ActiveCfg = Release|Any CPU
		{5AE5BCA3-C631-48E0-B7D2-6C6FA78EBD3F}.Release|Any CPU.Build.0 = Release|Any CPU
		{5AE5BCA3-C631-48E0-B7D2-6C6FA78EBD3F}.Release|x64.ActiveCfg = Release|Any CPU
		{5AE5BCA3-C631-48E0-B7D2-6C6FA78EBD3F}.Release|x64.Build.0 = Release|Any CPU
		{5AE5BCA3-C631-48E0-B7D2-6C6FA78EBD3F}.Release|x86.ActiveCfg = Release|Any CPU
		{5AE5BCA3-C631-48E0-B7D2-6C6FA78EBD3F}.Release|x86.Build.0 = Release|Any CPU
	EndGlobalSection
	GlobalSection(SolutionProperties) = preSolution
		HideSolutionNode = FALSE
	EndGlobalSection
	GlobalSection(NestedProjects) = preSolution
		{DEE6D70A-9495-4757-BAC7-78C8F6771920} = {FE462626-CCFB-4353-99F3-193A45E9D8F0}
		{08E2FA07-0E98-457E-BED4-EB3E76BDA787} = {FE462626-CCFB-4353-99F3-193A45E9D8F0}
		{8FC8FD0B-280A-4B83-9EAE-7647FE4644EB} = {27708F20-1681-4329-84C0-9A38D0E2A016}
		{AFCF78C8-B7B3-4FD0-AA7D-87F8ABD8C369} = {27708F20-1681-4329-84C0-9A38D0E2A016}
		{27708F20-1681-4329-84C0-9A38D0E2A016} = {08E2FA07-0E98-457E-BED4-EB3E76BDA787}
		{510D0EAF-784D-4098-9EC9-0BF0FC6C75F2} = {08E2FA07-0E98-457E-BED4-EB3E76BDA787}
		{D22CD49D-C37B-446D-8BA1-3B33F36B6F84} = {510D0EAF-784D-4098-9EC9-0BF0FC6C75F2}
		{586F576D-2B57-4F16-8185-4323C1BDBD3E} = {510D0EAF-784D-4098-9EC9-0BF0FC6C75F2}
		{00EE2213-6180-432A-8CF1-77CB9684D698} = {08E2FA07-0E98-457E-BED4-EB3E76BDA787}
		{04E7652C-44C1-4B91-B787-8976228F85BD} = {00EE2213-6180-432A-8CF1-77CB9684D698}
		{E313EF01-E40F-47A4-9FCC-FF3365BECE34} = {00EE2213-6180-432A-8CF1-77CB9684D698}
		{5A31EB53-3056-4AAE-B2C4-69F51BE88E45} = {08E2FA07-0E98-457E-BED4-EB3E76BDA787}
		{5AE5BCA3-C631-48E0-B7D2-6C6FA78EBD3F} = {5A31EB53-3056-4AAE-B2C4-69F51BE88E45}
	EndGlobalSection
	GlobalSection(ExtensibilityGlobals) = postSolution
		SolutionGuid = {07904657-A4A7-419A-A547-ABA3B6A5D0D7}
	EndGlobalSection
EndGlobal
